PODS:
  - file_saver (0.0.1):
    - Flutter
  - Flutter (1.0.0)
  - flutter_app_update (0.0.1):
    - Flutter
  - flutter_inappwebview_ios (0.0.1):
    - Flutter
    - flutter_inappwebview_ios/Core (= 0.0.1)
    - OrderedSet (~> 6.0.3)
  - flutter_inappwebview_ios/Core (0.0.1):
    - Flutter
    - OrderedSet (~> 6.0.3)
  - flutter_keyboard_visibility (0.0.1):
    - Flutter
  - flutter_sharing_intent (1.0.1):
    - Flutter
  - flutter_tts (0.0.1):
    - Flutter
  - flutter_webrtc (1.2.0):
    - Flutter
    - WebRTC-SDK (= 137.7151.04)
  - health (13.1.4):
    - Flutter
  - irondash_engine_context (0.0.1):
    - Flutter
  - libwebp (1.5.0):
    - libwebp/demux (= 1.5.0)
    - libwebp/mux (= 1.5.0)
    - libwebp/sharpyuv (= 1.5.0)
    - libwebp/webp (= 1.5.0)
  - libwebp/demux (1.5.0):
    - libwebp/webp
  - libwebp/mux (1.5.0):
    - libwebp/demux
  - libwebp/sharpyuv (1.5.0)
  - libwebp/webp (1.5.0):
    - libwebp/sharpyuv
  - livekit_client (2.5.4):
    - Flutter
    - flutter_webrtc
    - WebRTC-SDK (= 137.7151.04)
  - media_kit_libs_ios_video (1.0.4):
    - Flutter
  - media_kit_video (0.0.1):
    - Flutter
  - native_exif (0.0.1):
    - Flutter
  - ObjectBox (5.3.0-beta.4)
  - objectbox_flutter_libs (0.0.1):
    - Flutter
    - ObjectBox (= 5.3.0-beta.4)
  - open_file_ios (1.0.3):
    - Flutter
  - OrderedSet (6.0.3)
  - passkeys_darwin (0.0.1):
    - Flutter
    - FlutterMacOS
  - permission_handler_apple (9.3.0):
    - Flutter
  - pro_image_editor (12.0.8):
    - Flutter
  - protocol_handler_ios (0.0.1):
    - Flutter
  - sign_in_with_apple (0.0.1):
    - Flutter
  - super_native_extensions (0.0.1):
    - Flutter
  - video_thumbnail (0.0.1):
    - Flutter
    - libwebp
  - webcrypto (0.1.1):
    - Flutter
    - FlutterMacOS
  - WebRTC-SDK (137.7151.04)

DEPENDENCIES:
  - file_saver (from `.symlinks/plugins/file_saver/ios`)
  - Flutter (from `Flutter`)
  - flutter_app_update (from `.symlinks/plugins/flutter_app_update/ios`)
  - flutter_inappwebview_ios (from `.symlinks/plugins/flutter_inappwebview_ios/ios`)
  - flutter_keyboard_visibility (from `.symlinks/plugins/flutter_keyboard_visibility/ios`)
  - flutter_sharing_intent (from `.symlinks/plugins/flutter_sharing_intent/ios`)
  - flutter_tts (from `.symlinks/plugins/flutter_tts/ios`)
  - flutter_webrtc (from `.symlinks/plugins/flutter_webrtc/ios`)
  - health (from `.symlinks/plugins/health/ios`)
  - irondash_engine_context (from `.symlinks/plugins/irondash_engine_context/ios`)
  - livekit_client (from `.symlinks/plugins/livekit_client/ios`)
  - media_kit_libs_ios_video (from `.symlinks/plugins/media_kit_libs_ios_video/ios`)
  - media_kit_video (from `.symlinks/plugins/media_kit_video/ios`)
  - native_exif (from `.symlinks/plugins/native_exif/ios`)
  - objectbox_flutter_libs (from `.symlinks/plugins/objectbox_flutter_libs/ios`)
  - open_file_ios (from `.symlinks/plugins/open_file_ios/ios`)
  - passkeys_darwin (from `.symlinks/plugins/passkeys_darwin/darwin`)
  - permission_handler_apple (from `.symlinks/plugins/permission_handler_apple/ios`)
  - pro_image_editor (from `.symlinks/plugins/pro_image_editor/ios`)
  - protocol_handler_ios (from `.symlinks/plugins/protocol_handler_ios/ios`)
  - sign_in_with_apple (from `.symlinks/plugins/sign_in_with_apple/ios`)
  - super_native_extensions (from `.symlinks/plugins/super_native_extensions/ios`)
  - video_thumbnail (from `.symlinks/plugins/video_thumbnail/ios`)
  - webcrypto (from `.symlinks/plugins/webcrypto/darwin`)

SPEC REPOS:
  trunk:
    - libwebp
    - ObjectBox
    - OrderedSet
    - WebRTC-SDK

EXTERNAL SOURCES:
  file_saver:
    :path: ".symlinks/plugins/file_saver/ios"
  Flutter:
    :path: Flutter
  flutter_app_update:
    :path: ".symlinks/plugins/flutter_app_update/ios"
  flutter_inappwebview_ios:
    :path: ".symlinks/plugins/flutter_inappwebview_ios/ios"
  flutter_keyboard_visibility:
    :path: ".symlinks/plugins/flutter_keyboard_visibility/ios"
  flutter_sharing_intent:
    :path: ".symlinks/plugins/flutter_sharing_intent/ios"
  flutter_tts:
    :path: ".symlinks/plugins/flutter_tts/ios"
  flutter_webrtc:
    :path: ".symlinks/plugins/flutter_webrtc/ios"
  health:
    :path: ".symlinks/plugins/health/ios"
  irondash_engine_context:
    :path: ".symlinks/plugins/irondash_engine_context/ios"
  livekit_client:
    :path: ".symlinks/plugins/livekit_client/ios"
  media_kit_libs_ios_video:
    :path: ".symlinks/plugins/media_kit_libs_ios_video/ios"
  media_kit_video:
    :path: ".symlinks/plugins/media_kit_video/ios"
  native_exif:
    :path: ".symlinks/plugins/native_exif/ios"
  objectbox_flutter_libs:
    :path: ".symlinks/plugins/objectbox_flutter_libs/ios"
  open_file_ios:
    :path: ".symlinks/plugins/open_file_ios/ios"
  passkeys_darwin:
    :path: ".symlinks/plugins/passkeys_darwin/darwin"
  permission_handler_apple:
    :path: ".symlinks/plugins/permission_handler_apple/ios"
  pro_image_editor:
    :path: ".symlinks/plugins/pro_image_editor/ios"
  protocol_handler_ios:
    :path: ".symlinks/plugins/protocol_handler_ios/ios"
  sign_in_with_apple:
    :path: ".symlinks/plugins/sign_in_with_apple/ios"
  super_native_extensions:
    :path: ".symlinks/plugins/super_native_extensions/ios"
  video_thumbnail:
    :path: ".symlinks/plugins/video_thumbnail/ios"
  webcrypto:
    :path: ".symlinks/plugins/webcrypto/darwin"

SPEC CHECKSUMS:
  file_saver: 6cdbcddd690cb02b0c1a0c225b37cd805c2bf8b6
  Flutter: cabc95a1d2626b1b06e7179b784ebcf0c0cde467
  flutter_app_update: 816fdb2e30e4832a7c45e3f108d391c42ef040a9
  flutter_inappwebview_ios: b89ba3482b96fb25e00c967aae065701b66e9b99
  flutter_keyboard_visibility: 4625131e43015dbbe759d9b20daaf77e0e3f6619
  flutter_sharing_intent: 0c1e53949f09fa8df8ac2268505687bde8ff264c
  flutter_tts: 35ac3c7d42412733e795ea96ad2d7e05d0a75113
  flutter_webrtc: c3e21fc0dcd9d8eb246ae4d5256fcbeb2f5ecd22
  health: 32d2fbc7f26f9a2388d1a514ce168adbfa5bda65
  irondash_engine_context: 8e58ca8e0212ee9d1c7dc6a42121849986c88486
  libwebp: 02b23773aedb6ff1fd38cec7a77b81414c6842a8
  livekit_client: 53ca658779b78710fb458cccee28b53a13356c15
  media_kit_libs_ios_video: 5a18affdb97d1f5d466dc79988b13eff6c5e2854
  media_kit_video: 1746e198cb697d1ffb734b1d05ec429d1fcd1474
  native_exif: 0eb73d3d5b3ca892719228df8d2d1b13d1ae396c
  ObjectBox: eccb95ea2054c39d81dfa2d4ccc5f1e31187228a
  objectbox_flutter_libs: ed1510f71602e4a0d3f2a721324e468d066fdbb9
  open_file_ios: 46184d802ee7959203f6392abcfa0dd49fdb5be0
  OrderedSet: e539b66b644ff081c73a262d24ad552a69be3a94
  passkeys_darwin: 0a09d3b26cea8de1ec3bb8f8c7c159981f63bbc7
  permission_handler_apple: 4ed2196e43d0651e8ff7ca3483a069d469701f2d
  pro_image_editor: 3dedac450f82a389877286fa9eb08852cefb04ea
  protocol_handler_ios: 59f23ee71f3ec602d67902ca7f669a80957888d5
  sign_in_with_apple: c5dcc141574c8c54d5ac99dd2163c0c72ad22418
  super_native_extensions: b763c02dc3a8fd078389f410bf15149179020cb4
  video_thumbnail: b637e0ad5f588ca9945f6e2c927f73a69a661140
  webcrypto: a5f5eb3e375cf0a99993e207e97cdcab5c94ce2e
  WebRTC-SDK: 40d4f5ba05cadff14e4db5614aec402a633f007e

PODFILE CHECKSUM: ea18a44aa4eb85b40615aefb1fa2de76d7ef4512

COCOAPODS: 1.16.2
